
Microsoft Visual Studio Solution File, Format Version 12.00
# Visual Studio 14
VisualStudioVersion = 14.0.25420.1
MinimumVisualStudioVersion = 10.0.40219.1
Project("{FAE04EC0-301F-11D3-BF4B-00C04F79EFBC}") = "MQTTnet.Core", "MQTT.NET.Core\MQTTnet.Core.csproj", "{99C884F3-B4B9-417D-AA92-DC7DD1C4CFEE}"
EndProject
Project("{FAE04EC0-301F-11D3-BF4B-00C04F79EFBC}") = "MQTTnet.TestConsole", "MQTT.NET.TestConsole\MQTTnet.TestConsole.csproj", "{7B19B139-2E9D-4F1D-88B4-6180B4CF872A}"
EndProject
Project("{FAE04EC0-301F-11D3-BF4B-00C04F79EFBC}") = "MQTTnet.Core.Tests", "MQTT.NET.Core.Tests\MQTTnet.Core.Tests.csproj", "{A7FF0C91-25DE-4BA6-B39E-F54E8DADF1CC}"
EndProject
Project("{FAE04EC0-301F-11D3-BF4B-00C04F79EFBC}") = "MQTTnet.NETFramework", "MQTTnet.NET\MQTTnet.NETFramework.csproj", "{A480EF90-0EAA-4D9A-B271-47A9C47F6F7D}"
EndProject
Project("{FAE04EC0-301F-11D3-BF4B-00C04F79EFBC}") = "MQTTnet.Universal", "MQTTnet.Universal\MQTTnet.Universal.csproj", "{BD60C727-D8E8-40C3-B8E3-C95A864AE611}"
EndProject
Global
	GlobalSection(SolutionConfigurationPlatforms) = preSolution
		Debug|Any CPU = Debug|Any CPU
		Debug|ARM = Debug|ARM
		Debug|x64 = Debug|x64
		Debug|x86 = Debug|x86
		Release|Any CPU = Release|Any CPU
		Release|ARM = Release|ARM
		Release|x64 = Release|x64
		Release|x86 = Release|x86
	EndGlobalSection
	GlobalSection(ProjectConfigurationPlatforms) = postSolution
		{99C884F3-B4B9-417D-AA92-DC7DD1C4CFEE}.Debug|Any CPU.ActiveCfg = Debug|Any CPU
		{99C884F3-B4B9-417D-AA92-DC7DD1C4CFEE}.Debug|Any CPU.Build.0 = Debug|Any CPU
		{99C884F3-B4B9-417D-AA92-DC7DD1C4CFEE}.Debug|ARM.ActiveCfg = Debug|Any CPU
		{99C884F3-B4B9-417D-AA92-DC7DD1C4CFEE}.Debug|ARM.Build.0 = Debug|Any CPU
		{99C884F3-B4B9-417D-AA92-DC7DD1C4CFEE}.Debug|x64.ActiveCfg = Debug|Any CPU
		{99C884F3-B4B9-417D-AA92-DC7DD1C4CFEE}.Debug|x64.Build.0 = Debug|Any CPU
		{99C884F3-B4B9-417D-AA92-DC7DD1C4CFEE}.Debug|x86.ActiveCfg = Debug|Any CPU
		{99C884F3-B4B9-417D-AA92-DC7DD1C4CFEE}.Debug|x86.Build.0 = Debug|Any CPU
		{99C884F3-B4B9-417D-AA92-DC7DD1C4CFEE}.Release|Any CPU.ActiveCfg = Release|Any CPU
		{99C884F3-B4B9-417D-AA92-DC7DD1C4CFEE}.Release|Any CPU.Build.0 = Release|Any CPU
		{99C884F3-B4B9-417D-AA92-DC7DD1C4CFEE}.Release|ARM.ActiveCfg = Release|Any CPU
		{99C884F3-B4B9-417D-AA92-DC7DD1C4CFEE}.Release|ARM.Build.0 = Release|Any CPU
		{99C884F3-B4B9-417D-AA92-DC7DD1C4CFEE}.Release|x64.ActiveCfg = Release|Any CPU
		{99C884F3-B4B9-417D-AA92-DC7DD1C4CFEE}.Release|x64.Build.0 = Release|Any CPU
		{99C884F3-B4B9-417D-AA92-DC7DD1C4CFEE}.Release|x86.ActiveCfg = Release|Any CPU
		{99C884F3-B4B9-417D-AA92-DC7DD1C4CFEE}.Release|x86.Build.0 = Release|Any CPU
		{7B19B139-2E9D-4F1D-88B4-6180B4CF872A}.Debug|Any CPU.ActiveCfg = Debug|Any CPU
		{7B19B139-2E9D-4F1D-88B4-6180B4CF872A}.Debug|Any CPU.Build.0 = Debug|Any CPU
		{7B19B139-2E9D-4F1D-88B4-6180B4CF872A}.Debug|ARM.ActiveCfg = Debug|Any CPU
		{7B19B139-2E9D-4F1D-88B4-6180B4CF872A}.Debug|ARM.Build.0 = Debug|Any CPU
		{7B19B139-2E9D-4F1D-88B4-6180B4CF872A}.Debug|x64.ActiveCfg = Debug|Any CPU
		{7B19B139-2E9D-4F1D-88B4-6180B4CF872A}.Debug|x64.Build.0 = Debug|Any CPU
		{7B19B139-2E9D-4F1D-88B4-6180B4CF872A}.Debug|x86.ActiveCfg = Debug|Any CPU
		{7B19B139-2E9D-4F1D-88B4-6180B4CF872A}.Debug|x86.Build.0 = Debug|Any CPU
		{7B19B139-2E9D-4F1D-88B4-6180B4CF872A}.Release|Any CPU.ActiveCfg = Release|Any CPU
		{7B19B139-2E9D-4F1D-88B4-6180B4CF872A}.Release|Any CPU.Build.0 = Release|Any CPU
		{7B19B139-2E9D-4F1D-88B4-6180B4CF872A}.Release|ARM.ActiveCfg = Release|Any CPU
		{7B19B139-2E9D-4F1D-88B4-6180B4CF872A}.Release|ARM.Build.0 = Release|Any CPU
		{7B19B139-2E9D-4F1D-88B4-6180B4CF872A}.Release|x64.ActiveCfg = Release|Any CPU
		{7B19B139-2E9D-4F1D-88B4-6180B4CF872A}.Release|x64.Build.0 = Release|Any CPU
		{7B19B139-2E9D-4F1D-88B4-6180B4CF872A}.Release|x86.ActiveCfg = Release|Any CPU
		{7B19B139-2E9D-4F1D-88B4-6180B4CF872A}.Release|x86.Build.0 = Release|Any CPU
		{A7FF0C91-25DE-4BA6-B39E-F54E8DADF1CC}.Debug|Any CPU.ActiveCfg = Debug|Any CPU
		{A7FF0C91-25DE-4BA6-B39E-F54E8DADF1CC}.Debug|Any CPU.Build.0 = Debug|Any CPU
		{A7FF0C91-25DE-4BA6-B39E-F54E8DADF1CC}.Debug|ARM.ActiveCfg = Debug|Any CPU
		{A7FF0C91-25DE-4BA6-B39E-F54E8DADF1CC}.Debug|ARM.Build.0 = Debug|Any CPU
		{A7FF0C91-25DE-4BA6-B39E-F54E8DADF1CC}.Debug|x64.ActiveCfg = Debug|Any CPU
		{A7FF0C91-25DE-4BA6-B39E-F54E8DADF1CC}.Debug|x64.Build.0 = Debug|Any CPU
		{A7FF0C91-25DE-4BA6-B39E-F54E8DADF1CC}.Debug|x86.ActiveCfg = Debug|Any CPU
		{A7FF0C91-25DE-4BA6-B39E-F54E8DADF1CC}.Debug|x86.Build.0 = Debug|Any CPU
		{A7FF0C91-25DE-4BA6-B39E-F54E8DADF1CC}.Release|Any CPU.ActiveCfg = Release|Any CPU
		{A7FF0C91-25DE-4BA6-B39E-F54E8DADF1CC}.Release|Any CPU.Build.0 = Release|Any CPU
		{A7FF0C91-25DE-4BA6-B39E-F54E8DADF1CC}.Release|ARM.ActiveCfg = Release|Any CPU
		{A7FF0C91-25DE-4BA6-B39E-F54E8DADF1CC}.Release|ARM.Build.0 = Release|Any CPU
		{A7FF0C91-25DE-4BA6-B39E-F54E8DADF1CC}.Release|x64.ActiveCfg = Release|Any CPU
		{A7FF0C91-25DE-4BA6-B39E-F54E8DADF1CC}.Release|x64.Build.0 = Release|Any CPU
		{A7FF0C91-25DE-4BA6-B39E-F54E8DADF1CC}.Release|x86.ActiveCfg = Release|Any CPU
		{A7FF0C91-25DE-4BA6-B39E-F54E8DADF1CC}.Release|x86.Build.0 = Release|Any CPU
		{A480EF90-0EAA-4D9A-B271-47A9C47F6F7D}.Debug|Any CPU.ActiveCfg = Debug|Any CPU
		{A480EF90-0EAA-4D9A-B271-47A9C47F6F7D}.Debug|Any CPU.Build.0 = Debug|Any CPU
		{A480EF90-0EAA-4D9A-B271-47A9C47F6F7D}.Debug|ARM.ActiveCfg = Debug|Any CPU
		{A480EF90-0EAA-4D9A-B271-47A9C47F6F7D}.Debug|ARM.Build.0 = Debug|Any CPU
		{A480EF90-0EAA-4D9A-B271-47A9C47F6F7D}.Debug|x64.ActiveCfg = Debug|Any CPU
		{A480EF90-0EAA-4D9A-B271-47A9C47F6F7D}.Debug|x64.Build.0 = Debug|Any CPU
		{A480EF90-0EAA-4D9A-B271-47A9C47F6F7D}.Debug|x86.ActiveCfg = Debug|Any CPU
		{A480EF90-0EAA-4D9A-B271-47A9C47F6F7D}.Debug|x86.Build.0 = Debug|Any CPU
		{A480EF90-0EAA-4D9A-B271-47A9C47F6F7D}.Release|Any CPU.ActiveCfg = Release|Any CPU
		{A480EF90-0EAA-4D9A-B271-47A9C47F6F7D}.Release|Any CPU.Build.0 = Release|Any CPU
		{A480EF90-0EAA-4D9A-B271-47A9C47F6F7D}.Release|ARM.ActiveCfg = Release|Any CPU
		{A480EF90-0EAA-4D9A-B271-47A9C47F6F7D}.Release|ARM.Build.0 = Release|Any CPU
		{A480EF90-0EAA-4D9A-B271-47A9C47F6F7D}.Release|x64.ActiveCfg = Release|Any CPU
		{A480EF90-0EAA-4D9A-B271-47A9C47F6F7D}.Release|x64.Build.0 = Release|Any CPU
		{A480EF90-0EAA-4D9A-B271-47A9C47F6F7D}.Release|x86.ActiveCfg = Release|Any CPU
		{A480EF90-0EAA-4D9A-B271-47A9C47F6F7D}.Release|x86.Build.0 = Release|Any CPU
		{BD60C727-D8E8-40C3-B8E3-C95A864AE611}.Debug|Any CPU.ActiveCfg = Debug|Any CPU
		{BD60C727-D8E8-40C3-B8E3-C95A864AE611}.Debug|Any CPU.Build.0 = Debug|Any CPU
		{BD60C727-D8E8-40C3-B8E3-C95A864AE611}.Debug|ARM.ActiveCfg = Debug|ARM
		{BD60C727-D8E8-40C3-B8E3-C95A864AE611}.Debug|ARM.Build.0 = Debug|ARM
		{BD60C727-D8E8-40C3-B8E3-C95A864AE611}.Debug|x64.ActiveCfg = Debug|x64
		{BD60C727-D8E8-40C3-B8E3-C95A864AE611}.Debug|x64.Build.0 = Debug|x64
		{BD60C727-D8E8-40C3-B8E3-C95A864AE611}.Debug|x86.ActiveCfg = Debug|x86
		{BD60C727-D8E8-40C3-B8E3-C95A864AE611}.Debug|x86.Build.0 = Debug|x86
		{BD60C727-D8E8-40C3-B8E3-C95A864AE611}.Release|Any CPU.ActiveCfg = Release|Any CPU
		{BD60C727-D8E8-40C3-B8E3-C95A864AE611}.Release|Any CPU.Build.0 = Release|Any CPU
		{BD60C727-D8E8-40C3-B8E3-C95A864AE611}.Release|ARM.ActiveCfg = Release|ARM
		{BD60C727-D8E8-40C3-B8E3-C95A864AE611}.Release|ARM.Build.0 = Release|ARM
		{BD60C727-D8E8-40C3-B8E3-C95A864AE611}.Release|x64.ActiveCfg = Release|x64
		{BD60C727-D8E8-40C3-B8E3-C95A864AE611}.Release|x64.Build.0 = Release|x64
		{BD60C727-D8E8-40C3-B8E3-C95A864AE611}.Release|x86.ActiveCfg = Release|x86
		{BD60C727-D8E8-40C3-B8E3-C95A864AE611}.Release|x86.Build.0 = Release|x86
	EndGlobalSection
	GlobalSection(SolutionProperties) = preSolution
		HideSolutionNode = FALSE
	EndGlobalSection
EndGlobal
