
Microsoft Visual Studio Solution File, Format Version 12.00
# Visual Studio 15
VisualStudioVersion = 15.0.26730.16
MinimumVisualStudioVersion = 10.0.40219.1
Project("{9A19103F-16F7-4668-BE54-9A1E7A4F7556}") = "MQTTnet.Core.Tests", "Tests\MQTTnet.Core.Tests\MQTTnet.Core.Tests.csproj", "{A7FF0C91-25DE-4BA6-B39E-F54E8DADF1CC}"
EndProject
Project("{FAE04EC0-301F-11D3-BF4B-00C04F79EFBC}") = "MQTTnet.UniversalWindows", "Frameworks\MQTTnet.UniversalWindows\MQTTnet.UniversalWindows.csproj", "{BD60C727-D8E8-40C3-B8E3-C95A864AE611}"
EndProject
Project("{2150E333-8FDC-42A3-9474-1A3956D46DE8}") = "Tests", "Tests", "{9248C2E1-B9D6-40BF-81EC-86004D7765B4}"
EndProject
Project("{2150E333-8FDC-42A3-9474-1A3956D46DE8}") = "Frameworks", "Frameworks", "{32A630A7-2598-41D7-B625-204CD906F5FB}"
EndProject
Project("{9A19103F-16F7-4668-BE54-9A1E7A4F7556}") = "MQTTnet.Core", "MQTTnet.Core\MQTTnet.Core.csproj", "{2ECB99E4-72D0-4C23-99BA-93D511D3967D}"
EndProject
Project("{FAE04EC0-301F-11D3-BF4B-00C04F79EFBC}") = "MQTTnet.TestApp.UniversalWindows", "Tests\MQTTnet.TestApp.UniversalWindows\MQTTnet.TestApp.UniversalWindows.csproj", "{FF1F72D6-9524-4422-9497-3CC0002216ED}"
EndProject
Project("{9A19103F-16F7-4668-BE54-9A1E7A4F7556}") = "MQTTnet.NetStandard", "Frameworks\MQTTnet.Netstandard\MQTTnet.NetStandard.csproj", "{3587E506-55A2-4EB3-99C7-DC01E42D25D2}"
EndProject
Project("{2150E333-8FDC-42A3-9474-1A3956D46DE8}") = "Build", "Build", "{67C28AC1-BC3A-420A-BE9C-FA2401431CF9}"
	ProjectSection(SolutionItems) = preProject
		Build\build.ps1 = Build\build.ps1
		Build\MQTTnet.nuspec = Build\MQTTnet.nuspec
	EndProjectSection
EndProject
Project("{2150E333-8FDC-42A3-9474-1A3956D46DE8}") = "Solution Items", "Solution Items", "{B3F60ECB-45BA-4C66-8903-8BB89CA67998}"
	ProjectSection(SolutionItems) = preProject
		README.md = README.md
	EndProjectSection
EndProject
Project("{9A19103F-16F7-4668-BE54-9A1E7A4F7556}") = "MQTTnet.TestApp.NetCore", "Tests\MQTTnet.TestApp.NetCore\MQTTnet.TestApp.NetCore.csproj", "{3D283AAD-AAA8-4339-8394-52F80B6304DB}"
EndProject
Global
	GlobalSection(SolutionConfigurationPlatforms) = preSolution
		Debug|Any CPU = Debug|Any CPU
		Debug|ARM = Debug|ARM
		Debug|x64 = Debug|x64
		Debug|x86 = Debug|x86
		Release|Any CPU = Release|Any CPU
		Release|ARM = Release|ARM
		Release|x64 = Release|x64
		Release|x86 = Release|x86
	EndGlobalSection
	GlobalSection(ProjectConfigurationPlatforms) = postSolution
		{A7FF0C91-25DE-4BA6-B39E-F54E8DADF1CC}.Debug|Any CPU.ActiveCfg = Debug|Any CPU
		{A7FF0C91-25DE-4BA6-B39E-F54E8DADF1CC}.Debug|Any CPU.Build.0 = Debug|Any CPU
		{A7FF0C91-25DE-4BA6-B39E-F54E8DADF1CC}.Debug|ARM.ActiveCfg = Debug|Any CPU
		{A7FF0C91-25DE-4BA6-B39E-F54E8DADF1CC}.Debug|ARM.Build.0 = Debug|Any CPU
		{A7FF0C91-25DE-4BA6-B39E-F54E8DADF1CC}.Debug|x64.ActiveCfg = Debug|Any CPU
		{A7FF0C91-25DE-4BA6-B39E-F54E8DADF1CC}.Debug|x64.Build.0 = Debug|Any CPU
		{A7FF0C91-25DE-4BA6-B39E-F54E8DADF1CC}.Debug|x86.ActiveCfg = Debug|Any CPU
		{A7FF0C91-25DE-4BA6-B39E-F54E8DADF1CC}.Debug|x86.Build.0 = Debug|Any CPU
		{A7FF0C91-25DE-4BA6-B39E-F54E8DADF1CC}.Release|Any CPU.ActiveCfg = Release|Any CPU
		{A7FF0C91-25DE-4BA6-B39E-F54E8DADF1CC}.Release|Any CPU.Build.0 = Release|Any CPU
		{A7FF0C91-25DE-4BA6-B39E-F54E8DADF1CC}.Release|ARM.ActiveCfg = Release|Any CPU
		{A7FF0C91-25DE-4BA6-B39E-F54E8DADF1CC}.Release|ARM.Build.0 = Release|Any CPU
		{A7FF0C91-25DE-4BA6-B39E-F54E8DADF1CC}.Release|x64.ActiveCfg = Release|Any CPU
		{A7FF0C91-25DE-4BA6-B39E-F54E8DADF1CC}.Release|x64.Build.0 = Release|Any CPU
		{A7FF0C91-25DE-4BA6-B39E-F54E8DADF1CC}.Release|x86.ActiveCfg = Release|Any CPU
		{A7FF0C91-25DE-4BA6-B39E-F54E8DADF1CC}.Release|x86.Build.0 = Release|Any CPU
		{BD60C727-D8E8-40C3-B8E3-C95A864AE611}.Debug|Any CPU.ActiveCfg = Debug|Any CPU
		{BD60C727-D8E8-40C3-B8E3-C95A864AE611}.Debug|Any CPU.Build.0 = Debug|Any CPU
		{BD60C727-D8E8-40C3-B8E3-C95A864AE611}.Debug|ARM.ActiveCfg = Debug|ARM
		{BD60C727-D8E8-40C3-B8E3-C95A864AE611}.Debug|ARM.Build.0 = Debug|ARM
		{BD60C727-D8E8-40C3-B8E3-C95A864AE611}.Debug|x64.ActiveCfg = Debug|x64
		{BD60C727-D8E8-40C3-B8E3-C95A864AE611}.Debug|x64.Build.0 = Debug|x64
		{BD60C727-D8E8-40C3-B8E3-C95A864AE611}.Debug|x86.ActiveCfg = Debug|x86
		{BD60C727-D8E8-40C3-B8E3-C95A864AE611}.Debug|x86.Build.0 = Debug|x86
		{BD60C727-D8E8-40C3-B8E3-C95A864AE611}.Release|Any CPU.ActiveCfg = Release|Any CPU
		{BD60C727-D8E8-40C3-B8E3-C95A864AE611}.Release|Any CPU.Build.0 = Release|Any CPU
		{BD60C727-D8E8-40C3-B8E3-C95A864AE611}.Release|ARM.ActiveCfg = Release|ARM
		{BD60C727-D8E8-40C3-B8E3-C95A864AE611}.Release|ARM.Build.0 = Release|ARM
		{BD60C727-D8E8-40C3-B8E3-C95A864AE611}.Release|x64.ActiveCfg = Release|x64
		{BD60C727-D8E8-40C3-B8E3-C95A864AE611}.Release|x64.Build.0 = Release|x64
		{BD60C727-D8E8-40C3-B8E3-C95A864AE611}.Release|x86.ActiveCfg = Release|x86
		{BD60C727-D8E8-40C3-B8E3-C95A864AE611}.Release|x86.Build.0 = Release|x86
		{2ECB99E4-72D0-4C23-99BA-93D511D3967D}.Debug|Any CPU.ActiveCfg = Debug|Any CPU
		{2ECB99E4-72D0-4C23-99BA-93D511D3967D}.Debug|Any CPU.Build.0 = Debug|Any CPU
		{2ECB99E4-72D0-4C23-99BA-93D511D3967D}.Debug|ARM.ActiveCfg = Debug|Any CPU
		{2ECB99E4-72D0-4C23-99BA-93D511D3967D}.Debug|ARM.Build.0 = Debug|Any CPU
		{2ECB99E4-72D0-4C23-99BA-93D511D3967D}.Debug|x64.ActiveCfg = Debug|Any CPU
		{2ECB99E4-72D0-4C23-99BA-93D511D3967D}.Debug|x64.Build.0 = Debug|Any CPU
		{2ECB99E4-72D0-4C23-99BA-93D511D3967D}.Debug|x86.ActiveCfg = Debug|Any CPU
		{2ECB99E4-72D0-4C23-99BA-93D511D3967D}.Debug|x86.Build.0 = Debug|Any CPU
		{2ECB99E4-72D0-4C23-99BA-93D511D3967D}.Release|Any CPU.ActiveCfg = Release|Any CPU
		{2ECB99E4-72D0-4C23-99BA-93D511D3967D}.Release|Any CPU.Build.0 = Release|Any CPU
		{2ECB99E4-72D0-4C23-99BA-93D511D3967D}.Release|ARM.ActiveCfg = Release|Any CPU
		{2ECB99E4-72D0-4C23-99BA-93D511D3967D}.Release|ARM.Build.0 = Release|Any CPU
		{2ECB99E4-72D0-4C23-99BA-93D511D3967D}.Release|x64.ActiveCfg = Release|Any CPU
		{2ECB99E4-72D0-4C23-99BA-93D511D3967D}.Release|x64.Build.0 = Release|Any CPU
		{2ECB99E4-72D0-4C23-99BA-93D511D3967D}.Release|x86.ActiveCfg = Release|Any CPU
		{2ECB99E4-72D0-4C23-99BA-93D511D3967D}.Release|x86.Build.0 = Release|Any CPU
		{FF1F72D6-9524-4422-9497-3CC0002216ED}.Debug|Any CPU.ActiveCfg = Debug|Any CPU
		{FF1F72D6-9524-4422-9497-3CC0002216ED}.Debug|Any CPU.Build.0 = Debug|Any CPU
		{FF1F72D6-9524-4422-9497-3CC0002216ED}.Debug|ARM.ActiveCfg = Debug|ARM
		{FF1F72D6-9524-4422-9497-3CC0002216ED}.Debug|ARM.Build.0 = Debug|ARM
		{FF1F72D6-9524-4422-9497-3CC0002216ED}.Debug|ARM.Deploy.0 = Debug|ARM
		{FF1F72D6-9524-4422-9497-3CC0002216ED}.Debug|x64.ActiveCfg = Debug|x64
		{FF1F72D6-9524-4422-9497-3CC0002216ED}.Debug|x64.Build.0 = Debug|x64
		{FF1F72D6-9524-4422-9497-3CC0002216ED}.Debug|x64.Deploy.0 = Debug|x64
		{FF1F72D6-9524-4422-9497-3CC0002216ED}.Debug|x86.ActiveCfg = Debug|x86
		{FF1F72D6-9524-4422-9497-3CC0002216ED}.Debug|x86.Build.0 = Debug|x86
		{FF1F72D6-9524-4422-9497-3CC0002216ED}.Debug|x86.Deploy.0 = Debug|x86
		{FF1F72D6-9524-4422-9497-3CC0002216ED}.Release|Any CPU.ActiveCfg = Release|Any CPU
		{FF1F72D6-9524-4422-9497-3CC0002216ED}.Release|Any CPU.Build.0 = Release|Any CPU
		{FF1F72D6-9524-4422-9497-3CC0002216ED}.Release|ARM.ActiveCfg = Release|ARM
		{FF1F72D6-9524-4422-9497-3CC0002216ED}.Release|ARM.Build.0 = Release|ARM
		{FF1F72D6-9524-4422-9497-3CC0002216ED}.Release|ARM.Deploy.0 = Release|ARM
		{FF1F72D6-9524-4422-9497-3CC0002216ED}.Release|x64.ActiveCfg = Release|x64
		{FF1F72D6-9524-4422-9497-3CC0002216ED}.Release|x64.Build.0 = Release|x64
		{FF1F72D6-9524-4422-9497-3CC0002216ED}.Release|x64.Deploy.0 = Release|x64
		{FF1F72D6-9524-4422-9497-3CC0002216ED}.Release|x86.ActiveCfg = Release|x86
		{FF1F72D6-9524-4422-9497-3CC0002216ED}.Release|x86.Build.0 = Release|x86
		{FF1F72D6-9524-4422-9497-3CC0002216ED}.Release|x86.Deploy.0 = Release|x86
		{3587E506-55A2-4EB3-99C7-DC01E42D25D2}.Debug|Any CPU.ActiveCfg = Debug|Any CPU
		{3587E506-55A2-4EB3-99C7-DC01E42D25D2}.Debug|Any CPU.Build.0 = Debug|Any CPU
		{3587E506-55A2-4EB3-99C7-DC01E42D25D2}.Debug|ARM.ActiveCfg = Debug|Any CPU
		{3587E506-55A2-4EB3-99C7-DC01E42D25D2}.Debug|ARM.Build.0 = Debug|Any CPU
		{3587E506-55A2-4EB3-99C7-DC01E42D25D2}.Debug|x64.ActiveCfg = Debug|Any CPU
		{3587E506-55A2-4EB3-99C7-DC01E42D25D2}.Debug|x64.Build.0 = Debug|Any CPU
		{3587E506-55A2-4EB3-99C7-DC01E42D25D2}.Debug|x86.ActiveCfg = Debug|Any CPU
		{3587E506-55A2-4EB3-99C7-DC01E42D25D2}.Debug|x86.Build.0 = Debug|Any CPU
		{3587E506-55A2-4EB3-99C7-DC01E42D25D2}.Release|Any CPU.ActiveCfg = Release|Any CPU
		{3587E506-55A2-4EB3-99C7-DC01E42D25D2}.Release|Any CPU.Build.0 = Release|Any CPU
		{3587E506-55A2-4EB3-99C7-DC01E42D25D2}.Release|ARM.ActiveCfg = Release|Any CPU
		{3587E506-55A2-4EB3-99C7-DC01E42D25D2}.Release|ARM.Build.0 = Release|Any CPU
		{3587E506-55A2-4EB3-99C7-DC01E42D25D2}.Release|x64.ActiveCfg = Release|Any CPU
		{3587E506-55A2-4EB3-99C7-DC01E42D25D2}.Release|x64.Build.0 = Release|Any CPU
		{3587E506-55A2-4EB3-99C7-DC01E42D25D2}.Release|x86.ActiveCfg = Release|Any CPU
		{3587E506-55A2-4EB3-99C7-DC01E42D25D2}.Release|x86.Build.0 = Release|Any CPU
		{3D283AAD-AAA8-4339-8394-52F80B6304DB}.Debug|Any CPU.ActiveCfg = Debug|Any CPU
		{3D283AAD-AAA8-4339-8394-52F80B6304DB}.Debug|Any CPU.Build.0 = Debug|Any CPU
		{3D283AAD-AAA8-4339-8394-52F80B6304DB}.Debug|ARM.ActiveCfg = Debug|Any CPU
		{3D283AAD-AAA8-4339-8394-52F80B6304DB}.Debug|ARM.Build.0 = Debug|Any CPU
		{3D283AAD-AAA8-4339-8394-52F80B6304DB}.Debug|x64.ActiveCfg = Debug|Any CPU
		{3D283AAD-AAA8-4339-8394-52F80B6304DB}.Debug|x64.Build.0 = Debug|Any CPU
		{3D283AAD-AAA8-4339-8394-52F80B6304DB}.Debug|x86.ActiveCfg = Debug|Any CPU
		{3D283AAD-AAA8-4339-8394-52F80B6304DB}.Debug|x86.Build.0 = Debug|Any CPU
		{3D283AAD-AAA8-4339-8394-52F80B6304DB}.Release|Any CPU.ActiveCfg = Release|Any CPU
		{3D283AAD-AAA8-4339-8394-52F80B6304DB}.Release|Any CPU.Build.0 = Release|Any CPU
		{3D283AAD-AAA8-4339-8394-52F80B6304DB}.Release|ARM.ActiveCfg = Release|Any CPU
		{3D283AAD-AAA8-4339-8394-52F80B6304DB}.Release|ARM.Build.0 = Release|Any CPU
		{3D283AAD-AAA8-4339-8394-52F80B6304DB}.Release|x64.ActiveCfg = Release|Any CPU
		{3D283AAD-AAA8-4339-8394-52F80B6304DB}.Release|x64.Build.0 = Release|Any CPU
		{3D283AAD-AAA8-4339-8394-52F80B6304DB}.Release|x86.ActiveCfg = Release|Any CPU
		{3D283AAD-AAA8-4339-8394-52F80B6304DB}.Release|x86.Build.0 = Release|Any CPU
	EndGlobalSection
	GlobalSection(SolutionProperties) = preSolution
		HideSolutionNode = FALSE
	EndGlobalSection
	GlobalSection(NestedProjects) = preSolution
		{A7FF0C91-25DE-4BA6-B39E-F54E8DADF1CC} = {9248C2E1-B9D6-40BF-81EC-86004D7765B4}
		{BD60C727-D8E8-40C3-B8E3-C95A864AE611} = {32A630A7-2598-41D7-B625-204CD906F5FB}
		{FF1F72D6-9524-4422-9497-3CC0002216ED} = {9248C2E1-B9D6-40BF-81EC-86004D7765B4}
		{3587E506-55A2-4EB3-99C7-DC01E42D25D2} = {32A630A7-2598-41D7-B625-204CD906F5FB}
		{3D283AAD-AAA8-4339-8394-52F80B6304DB} = {9248C2E1-B9D6-40BF-81EC-86004D7765B4}
	EndGlobalSection
	GlobalSection(ExtensibilityGlobals) = postSolution
		SolutionGuid = {07536672-5CBC-4BE3-ACE0-708A431A7894}
	EndGlobalSection
EndGlobal
