
Microsoft Visual Studio Solution File, Format Version 12.00
# Visual Studio 15
VisualStudioVersion = 15.0.26228.9
MinimumVisualStudioVersion = 10.0.40219.1
Project("{FAE04EC0-301F-11D3-BF4B-00C04F79EFBC}") = "MQTTnet.TestMqttClient", "Tests\MQTTnet.TestMqttClient\MQTTnet.TestMqttClient.csproj", "{7B19B139-2E9D-4F1D-88B4-6180B4CF872A}"
EndProject
Project("{FAE04EC0-301F-11D3-BF4B-00C04F79EFBC}") = "MQTTnet.Core.Tests", "Tests\MQTTnet.Core.Tests\MQTTnet.Core.Tests.csproj", "{A7FF0C91-25DE-4BA6-B39E-F54E8DADF1CC}"
EndProject
Project("{FAE04EC0-301F-11D3-BF4B-00C04F79EFBC}") = "MQTTnet.NetFramework", "Frameworks\MQTTnet.NetFramework\MQTTnet.NetFramework.csproj", "{A480EF90-0EAA-4D9A-B271-47A9C47F6F7D}"
EndProject
Project("{FAE04EC0-301F-11D3-BF4B-00C04F79EFBC}") = "MQTTnet.UniversalWindows", "Frameworks\MQTTnet.UniversalWindows\MQTTnet.UniversalWindows.csproj", "{BD60C727-D8E8-40C3-B8E3-C95A864AE611}"
EndProject
Project("{2150E333-8FDC-42A3-9474-1A3956D46DE8}") = "Tests", "Tests", "{9248C2E1-B9D6-40BF-81EC-86004D7765B4}"
EndProject
Project("{2150E333-8FDC-42A3-9474-1A3956D46DE8}") = "Frameworks", "Frameworks", "{32A630A7-2598-41D7-B625-204CD906F5FB}"
EndProject
Project("{FAE04EC0-301F-11D3-BF4B-00C04F79EFBC}") = "MQTTnet.TestMqttServer", "Tests\MQTTnet.TestMqttServer\MQTTnet.TestMqttServer.csproj", "{6F8C0C0C-59EC-4921-9267-370AE113C34F}"
EndProject
Project("{FAE04EC0-301F-11D3-BF4B-00C04F79EFBC}") = "MQTTnet.Core", "MQTTnet.Core\MQTTnet.Core.csproj", "{2ECB99E4-72D0-4C23-99BA-93D511D3967D}"
EndProject
Project("{2150E333-8FDC-42A3-9474-1A3956D46DE8}") = "Solution Items", "Solution Items", "{002203AF-2565-4C0D-95ED-027FDEFE0C35}"
	ProjectSection(SolutionItems) = preProject
		MQTTnet.nuspec = MQTTnet.nuspec
	EndProjectSection
EndProject
Project("{9A19103F-16F7-4668-BE54-9A1E7A4F7556}") = "MQTTnet.NetCoreApp", "Frameworks\MQTTnet.NetCoreApp\MQTTnet.NetCoreApp.csproj", "{1A1B7F51-5328-4395-9D9C-07D70965825E}"
EndProject
Global
	GlobalSection(SolutionConfigurationPlatforms) = preSolution
		Any CPU|Any CPU = Any CPU|Any CPU
		Any CPU|ARM = Any CPU|ARM
		Any CPU|x64 = Any CPU|x64
		Any CPU|x86 = Any CPU|x86
		Debug|Any CPU = Debug|Any CPU
		Debug|ARM = Debug|ARM
		Debug|x64 = Debug|x64
		Debug|x86 = Debug|x86
		Release|Any CPU = Release|Any CPU
		Release|ARM = Release|ARM
		Release|x64 = Release|x64
		Release|x86 = Release|x86
	EndGlobalSection
	GlobalSection(ProjectConfigurationPlatforms) = postSolution
		{7B19B139-2E9D-4F1D-88B4-6180B4CF872A}.Any CPU|Any CPU.ActiveCfg = Any CPU|Any CPU
		{7B19B139-2E9D-4F1D-88B4-6180B4CF872A}.Any CPU|Any CPU.Build.0 = Any CPU|Any CPU
		{7B19B139-2E9D-4F1D-88B4-6180B4CF872A}.Any CPU|ARM.ActiveCfg = Any CPU|Any CPU
		{7B19B139-2E9D-4F1D-88B4-6180B4CF872A}.Any CPU|ARM.Build.0 = Any CPU|Any CPU
		{7B19B139-2E9D-4F1D-88B4-6180B4CF872A}.Any CPU|x64.ActiveCfg = Any CPU|x64
		{7B19B139-2E9D-4F1D-88B4-6180B4CF872A}.Any CPU|x64.Build.0 = Any CPU|x64
		{7B19B139-2E9D-4F1D-88B4-6180B4CF872A}.Any CPU|x86.ActiveCfg = Any CPU|x86
		{7B19B139-2E9D-4F1D-88B4-6180B4CF872A}.Any CPU|x86.Build.0 = Any CPU|x86
		{7B19B139-2E9D-4F1D-88B4-6180B4CF872A}.Debug|Any CPU.ActiveCfg = Debug|Any CPU
		{7B19B139-2E9D-4F1D-88B4-6180B4CF872A}.Debug|Any CPU.Build.0 = Debug|Any CPU
		{7B19B139-2E9D-4F1D-88B4-6180B4CF872A}.Debug|ARM.ActiveCfg = Debug|Any CPU
		{7B19B139-2E9D-4F1D-88B4-6180B4CF872A}.Debug|ARM.Build.0 = Debug|Any CPU
		{7B19B139-2E9D-4F1D-88B4-6180B4CF872A}.Debug|x64.ActiveCfg = Debug|x64
		{7B19B139-2E9D-4F1D-88B4-6180B4CF872A}.Debug|x64.Build.0 = Debug|x64
		{7B19B139-2E9D-4F1D-88B4-6180B4CF872A}.Debug|x86.ActiveCfg = Debug|x86
		{7B19B139-2E9D-4F1D-88B4-6180B4CF872A}.Debug|x86.Build.0 = Debug|x86
		{7B19B139-2E9D-4F1D-88B4-6180B4CF872A}.Release|Any CPU.ActiveCfg = Release|Any CPU
		{7B19B139-2E9D-4F1D-88B4-6180B4CF872A}.Release|Any CPU.Build.0 = Release|Any CPU
		{7B19B139-2E9D-4F1D-88B4-6180B4CF872A}.Release|ARM.ActiveCfg = Release|Any CPU
		{7B19B139-2E9D-4F1D-88B4-6180B4CF872A}.Release|ARM.Build.0 = Release|Any CPU
		{7B19B139-2E9D-4F1D-88B4-6180B4CF872A}.Release|x64.ActiveCfg = Release|x64
		{7B19B139-2E9D-4F1D-88B4-6180B4CF872A}.Release|x64.Build.0 = Release|x64
		{7B19B139-2E9D-4F1D-88B4-6180B4CF872A}.Release|x86.ActiveCfg = Release|x86
		{7B19B139-2E9D-4F1D-88B4-6180B4CF872A}.Release|x86.Build.0 = Release|x86
		{A7FF0C91-25DE-4BA6-B39E-F54E8DADF1CC}.Any CPU|Any CPU.ActiveCfg = Any CPU|Any CPU
		{A7FF0C91-25DE-4BA6-B39E-F54E8DADF1CC}.Any CPU|Any CPU.Build.0 = Any CPU|Any CPU
		{A7FF0C91-25DE-4BA6-B39E-F54E8DADF1CC}.Any CPU|ARM.ActiveCfg = Any CPU|Any CPU
		{A7FF0C91-25DE-4BA6-B39E-F54E8DADF1CC}.Any CPU|ARM.Build.0 = Any CPU|Any CPU
		{A7FF0C91-25DE-4BA6-B39E-F54E8DADF1CC}.Any CPU|x64.ActiveCfg = Any CPU|x64
		{A7FF0C91-25DE-4BA6-B39E-F54E8DADF1CC}.Any CPU|x64.Build.0 = Any CPU|x64
		{A7FF0C91-25DE-4BA6-B39E-F54E8DADF1CC}.Any CPU|x86.ActiveCfg = Any CPU|x86
		{A7FF0C91-25DE-4BA6-B39E-F54E8DADF1CC}.Any CPU|x86.Build.0 = Any CPU|x86
		{A7FF0C91-25DE-4BA6-B39E-F54E8DADF1CC}.Debug|Any CPU.ActiveCfg = Debug|Any CPU
		{A7FF0C91-25DE-4BA6-B39E-F54E8DADF1CC}.Debug|Any CPU.Build.0 = Debug|Any CPU
		{A7FF0C91-25DE-4BA6-B39E-F54E8DADF1CC}.Debug|ARM.ActiveCfg = Debug|Any CPU
		{A7FF0C91-25DE-4BA6-B39E-F54E8DADF1CC}.Debug|ARM.Build.0 = Debug|Any CPU
		{A7FF0C91-25DE-4BA6-B39E-F54E8DADF1CC}.Debug|x64.ActiveCfg = Debug|x64
		{A7FF0C91-25DE-4BA6-B39E-F54E8DADF1CC}.Debug|x64.Build.0 = Debug|x64
		{A7FF0C91-25DE-4BA6-B39E-F54E8DADF1CC}.Debug|x86.ActiveCfg = Debug|x86
		{A7FF0C91-25DE-4BA6-B39E-F54E8DADF1CC}.Debug|x86.Build.0 = Debug|x86
		{A7FF0C91-25DE-4BA6-B39E-F54E8DADF1CC}.Release|Any CPU.ActiveCfg = Release|Any CPU
		{A7FF0C91-25DE-4BA6-B39E-F54E8DADF1CC}.Release|Any CPU.Build.0 = Release|Any CPU
		{A7FF0C91-25DE-4BA6-B39E-F54E8DADF1CC}.Release|ARM.ActiveCfg = Release|Any CPU
		{A7FF0C91-25DE-4BA6-B39E-F54E8DADF1CC}.Release|ARM.Build.0 = Release|Any CPU
		{A7FF0C91-25DE-4BA6-B39E-F54E8DADF1CC}.Release|x64.ActiveCfg = Release|x64
		{A7FF0C91-25DE-4BA6-B39E-F54E8DADF1CC}.Release|x64.Build.0 = Release|x64
		{A7FF0C91-25DE-4BA6-B39E-F54E8DADF1CC}.Release|x86.ActiveCfg = Release|x86
		{A7FF0C91-25DE-4BA6-B39E-F54E8DADF1CC}.Release|x86.Build.0 = Release|x86
		{A480EF90-0EAA-4D9A-B271-47A9C47F6F7D}.Any CPU|Any CPU.ActiveCfg = Any CPU|Any CPU
		{A480EF90-0EAA-4D9A-B271-47A9C47F6F7D}.Any CPU|Any CPU.Build.0 = Any CPU|Any CPU
		{A480EF90-0EAA-4D9A-B271-47A9C47F6F7D}.Any CPU|ARM.ActiveCfg = Any CPU|Any CPU
		{A480EF90-0EAA-4D9A-B271-47A9C47F6F7D}.Any CPU|ARM.Build.0 = Any CPU|Any CPU
		{A480EF90-0EAA-4D9A-B271-47A9C47F6F7D}.Any CPU|x64.ActiveCfg = Any CPU|x64
		{A480EF90-0EAA-4D9A-B271-47A9C47F6F7D}.Any CPU|x64.Build.0 = Any CPU|x64
		{A480EF90-0EAA-4D9A-B271-47A9C47F6F7D}.Any CPU|x86.ActiveCfg = Any CPU|x86
		{A480EF90-0EAA-4D9A-B271-47A9C47F6F7D}.Any CPU|x86.Build.0 = Any CPU|x86
		{A480EF90-0EAA-4D9A-B271-47A9C47F6F7D}.Debug|Any CPU.ActiveCfg = Debug|Any CPU
		{A480EF90-0EAA-4D9A-B271-47A9C47F6F7D}.Debug|Any CPU.Build.0 = Debug|Any CPU
		{A480EF90-0EAA-4D9A-B271-47A9C47F6F7D}.Debug|ARM.ActiveCfg = Debug|Any CPU
		{A480EF90-0EAA-4D9A-B271-47A9C47F6F7D}.Debug|ARM.Build.0 = Debug|Any CPU
		{A480EF90-0EAA-4D9A-B271-47A9C47F6F7D}.Debug|x64.ActiveCfg = Debug|x64
		{A480EF90-0EAA-4D9A-B271-47A9C47F6F7D}.Debug|x64.Build.0 = Debug|x64
		{A480EF90-0EAA-4D9A-B271-47A9C47F6F7D}.Debug|x86.ActiveCfg = Debug|x86
		{A480EF90-0EAA-4D9A-B271-47A9C47F6F7D}.Debug|x86.Build.0 = Debug|x86
		{A480EF90-0EAA-4D9A-B271-47A9C47F6F7D}.Release|Any CPU.ActiveCfg = Release|Any CPU
		{A480EF90-0EAA-4D9A-B271-47A9C47F6F7D}.Release|Any CPU.Build.0 = Release|Any CPU
		{A480EF90-0EAA-4D9A-B271-47A9C47F6F7D}.Release|ARM.ActiveCfg = Release|Any CPU
		{A480EF90-0EAA-4D9A-B271-47A9C47F6F7D}.Release|ARM.Build.0 = Release|Any CPU
		{A480EF90-0EAA-4D9A-B271-47A9C47F6F7D}.Release|x64.ActiveCfg = Release|x64
		{A480EF90-0EAA-4D9A-B271-47A9C47F6F7D}.Release|x64.Build.0 = Release|x64
		{A480EF90-0EAA-4D9A-B271-47A9C47F6F7D}.Release|x86.ActiveCfg = Release|x86
		{A480EF90-0EAA-4D9A-B271-47A9C47F6F7D}.Release|x86.Build.0 = Release|x86
		{BD60C727-D8E8-40C3-B8E3-C95A864AE611}.Any CPU|Any CPU.ActiveCfg = Any CPU|Any CPU
		{BD60C727-D8E8-40C3-B8E3-C95A864AE611}.Any CPU|Any CPU.Build.0 = Any CPU|Any CPU
		{BD60C727-D8E8-40C3-B8E3-C95A864AE611}.Any CPU|ARM.ActiveCfg = Any CPU|ARM
		{BD60C727-D8E8-40C3-B8E3-C95A864AE611}.Any CPU|ARM.Build.0 = Any CPU|ARM
		{BD60C727-D8E8-40C3-B8E3-C95A864AE611}.Any CPU|x64.ActiveCfg = Any CPU|x64
		{BD60C727-D8E8-40C3-B8E3-C95A864AE611}.Any CPU|x64.Build.0 = Any CPU|x64
		{BD60C727-D8E8-40C3-B8E3-C95A864AE611}.Any CPU|x86.ActiveCfg = Any CPU|x86
		{BD60C727-D8E8-40C3-B8E3-C95A864AE611}.Any CPU|x86.Build.0 = Any CPU|x86
		{BD60C727-D8E8-40C3-B8E3-C95A864AE611}.Debug|Any CPU.ActiveCfg = Debug|Any CPU
		{BD60C727-D8E8-40C3-B8E3-C95A864AE611}.Debug|Any CPU.Build.0 = Debug|Any CPU
		{BD60C727-D8E8-40C3-B8E3-C95A864AE611}.Debug|ARM.ActiveCfg = Debug|ARM
		{BD60C727-D8E8-40C3-B8E3-C95A864AE611}.Debug|ARM.Build.0 = Debug|ARM
		{BD60C727-D8E8-40C3-B8E3-C95A864AE611}.Debug|x64.ActiveCfg = Debug|x64
		{BD60C727-D8E8-40C3-B8E3-C95A864AE611}.Debug|x64.Build.0 = Debug|x64
		{BD60C727-D8E8-40C3-B8E3-C95A864AE611}.Debug|x86.ActiveCfg = Debug|x86
		{BD60C727-D8E8-40C3-B8E3-C95A864AE611}.Debug|x86.Build.0 = Debug|x86
		{BD60C727-D8E8-40C3-B8E3-C95A864AE611}.Release|Any CPU.ActiveCfg = Release|Any CPU
		{BD60C727-D8E8-40C3-B8E3-C95A864AE611}.Release|Any CPU.Build.0 = Release|Any CPU
		{BD60C727-D8E8-40C3-B8E3-C95A864AE611}.Release|ARM.ActiveCfg = Release|ARM
		{BD60C727-D8E8-40C3-B8E3-C95A864AE611}.Release|ARM.Build.0 = Release|ARM
		{BD60C727-D8E8-40C3-B8E3-C95A864AE611}.Release|x64.ActiveCfg = Release|x64
		{BD60C727-D8E8-40C3-B8E3-C95A864AE611}.Release|x64.Build.0 = Release|x64
		{BD60C727-D8E8-40C3-B8E3-C95A864AE611}.Release|x86.ActiveCfg = Release|x86
		{BD60C727-D8E8-40C3-B8E3-C95A864AE611}.Release|x86.Build.0 = Release|x86
		{6F8C0C0C-59EC-4921-9267-370AE113C34F}.Any CPU|Any CPU.ActiveCfg = Any CPU|Any CPU
		{6F8C0C0C-59EC-4921-9267-370AE113C34F}.Any CPU|Any CPU.Build.0 = Any CPU|Any CPU
		{6F8C0C0C-59EC-4921-9267-370AE113C34F}.Any CPU|ARM.ActiveCfg = Any CPU|Any CPU
		{6F8C0C0C-59EC-4921-9267-370AE113C34F}.Any CPU|ARM.Build.0 = Any CPU|Any CPU
		{6F8C0C0C-59EC-4921-9267-370AE113C34F}.Any CPU|x64.ActiveCfg = Any CPU|x64
		{6F8C0C0C-59EC-4921-9267-370AE113C34F}.Any CPU|x64.Build.0 = Any CPU|x64
		{6F8C0C0C-59EC-4921-9267-370AE113C34F}.Any CPU|x86.ActiveCfg = Any CPU|x86
		{6F8C0C0C-59EC-4921-9267-370AE113C34F}.Any CPU|x86.Build.0 = Any CPU|x86
		{6F8C0C0C-59EC-4921-9267-370AE113C34F}.Debug|Any CPU.ActiveCfg = Debug|Any CPU
		{6F8C0C0C-59EC-4921-9267-370AE113C34F}.Debug|Any CPU.Build.0 = Debug|Any CPU
		{6F8C0C0C-59EC-4921-9267-370AE113C34F}.Debug|ARM.ActiveCfg = Debug|Any CPU
		{6F8C0C0C-59EC-4921-9267-370AE113C34F}.Debug|ARM.Build.0 = Debug|Any CPU
		{6F8C0C0C-59EC-4921-9267-370AE113C34F}.Debug|x64.ActiveCfg = Debug|x64
		{6F8C0C0C-59EC-4921-9267-370AE113C34F}.Debug|x64.Build.0 = Debug|x64
		{6F8C0C0C-59EC-4921-9267-370AE113C34F}.Debug|x86.ActiveCfg = Debug|x86
		{6F8C0C0C-59EC-4921-9267-370AE113C34F}.Debug|x86.Build.0 = Debug|x86
		{6F8C0C0C-59EC-4921-9267-370AE113C34F}.Release|Any CPU.ActiveCfg = Release|Any CPU
		{6F8C0C0C-59EC-4921-9267-370AE113C34F}.Release|Any CPU.Build.0 = Release|Any CPU
		{6F8C0C0C-59EC-4921-9267-370AE113C34F}.Release|ARM.ActiveCfg = Release|Any CPU
		{6F8C0C0C-59EC-4921-9267-370AE113C34F}.Release|ARM.Build.0 = Release|Any CPU
		{6F8C0C0C-59EC-4921-9267-370AE113C34F}.Release|x64.ActiveCfg = Release|x64
		{6F8C0C0C-59EC-4921-9267-370AE113C34F}.Release|x64.Build.0 = Release|x64
		{6F8C0C0C-59EC-4921-9267-370AE113C34F}.Release|x86.ActiveCfg = Release|x86
		{6F8C0C0C-59EC-4921-9267-370AE113C34F}.Release|x86.Build.0 = Release|x86
		{2ECB99E4-72D0-4C23-99BA-93D511D3967D}.Any CPU|Any CPU.ActiveCfg = Any CPU|Any CPU
		{2ECB99E4-72D0-4C23-99BA-93D511D3967D}.Any CPU|Any CPU.Build.0 = Any CPU|Any CPU
		{2ECB99E4-72D0-4C23-99BA-93D511D3967D}.Any CPU|ARM.ActiveCfg = Any CPU|Any CPU
		{2ECB99E4-72D0-4C23-99BA-93D511D3967D}.Any CPU|ARM.Build.0 = Any CPU|Any CPU
		{2ECB99E4-72D0-4C23-99BA-93D511D3967D}.Any CPU|x64.ActiveCfg = Any CPU|x64
		{2ECB99E4-72D0-4C23-99BA-93D511D3967D}.Any CPU|x64.Build.0 = Any CPU|x64
		{2ECB99E4-72D0-4C23-99BA-93D511D3967D}.Any CPU|x86.ActiveCfg = Any CPU|x86
		{2ECB99E4-72D0-4C23-99BA-93D511D3967D}.Any CPU|x86.Build.0 = Any CPU|x86
		{2ECB99E4-72D0-4C23-99BA-93D511D3967D}.Debug|Any CPU.ActiveCfg = Debug|Any CPU
		{2ECB99E4-72D0-4C23-99BA-93D511D3967D}.Debug|Any CPU.Build.0 = Debug|Any CPU
		{2ECB99E4-72D0-4C23-99BA-93D511D3967D}.Debug|ARM.ActiveCfg = Debug|Any CPU
		{2ECB99E4-72D0-4C23-99BA-93D511D3967D}.Debug|ARM.Build.0 = Debug|Any CPU
		{2ECB99E4-72D0-4C23-99BA-93D511D3967D}.Debug|x64.ActiveCfg = Debug|x64
		{2ECB99E4-72D0-4C23-99BA-93D511D3967D}.Debug|x64.Build.0 = Debug|x64
		{2ECB99E4-72D0-4C23-99BA-93D511D3967D}.Debug|x86.ActiveCfg = Debug|x86
		{2ECB99E4-72D0-4C23-99BA-93D511D3967D}.Debug|x86.Build.0 = Debug|x86
		{2ECB99E4-72D0-4C23-99BA-93D511D3967D}.Release|Any CPU.ActiveCfg = Release|Any CPU
		{2ECB99E4-72D0-4C23-99BA-93D511D3967D}.Release|Any CPU.Build.0 = Release|Any CPU
		{2ECB99E4-72D0-4C23-99BA-93D511D3967D}.Release|ARM.ActiveCfg = Release|Any CPU
		{2ECB99E4-72D0-4C23-99BA-93D511D3967D}.Release|ARM.Build.0 = Release|Any CPU
		{2ECB99E4-72D0-4C23-99BA-93D511D3967D}.Release|x64.ActiveCfg = Release|x64
		{2ECB99E4-72D0-4C23-99BA-93D511D3967D}.Release|x64.Build.0 = Release|x64
		{2ECB99E4-72D0-4C23-99BA-93D511D3967D}.Release|x86.ActiveCfg = Release|x86
		{2ECB99E4-72D0-4C23-99BA-93D511D3967D}.Release|x86.Build.0 = Release|x86
		{1A1B7F51-5328-4395-9D9C-07D70965825E}.Any CPU|Any CPU.ActiveCfg = Any CPU|Any CPU
		{1A1B7F51-5328-4395-9D9C-07D70965825E}.Any CPU|Any CPU.Build.0 = Any CPU|Any CPU
		{1A1B7F51-5328-4395-9D9C-07D70965825E}.Any CPU|ARM.ActiveCfg = Any CPU|Any CPU
		{1A1B7F51-5328-4395-9D9C-07D70965825E}.Any CPU|ARM.Build.0 = Any CPU|Any CPU
		{1A1B7F51-5328-4395-9D9C-07D70965825E}.Any CPU|x64.ActiveCfg = Any CPU|x64
		{1A1B7F51-5328-4395-9D9C-07D70965825E}.Any CPU|x64.Build.0 = Any CPU|x64
		{1A1B7F51-5328-4395-9D9C-07D70965825E}.Any CPU|x86.ActiveCfg = Any CPU|x86
		{1A1B7F51-5328-4395-9D9C-07D70965825E}.Any CPU|x86.Build.0 = Any CPU|x86
		{1A1B7F51-5328-4395-9D9C-07D70965825E}.Debug|Any CPU.ActiveCfg = Debug|Any CPU
		{1A1B7F51-5328-4395-9D9C-07D70965825E}.Debug|Any CPU.Build.0 = Debug|Any CPU
		{1A1B7F51-5328-4395-9D9C-07D70965825E}.Debug|ARM.ActiveCfg = Debug|Any CPU
		{1A1B7F51-5328-4395-9D9C-07D70965825E}.Debug|ARM.Build.0 = Debug|Any CPU
		{1A1B7F51-5328-4395-9D9C-07D70965825E}.Debug|x64.ActiveCfg = Debug|x64
		{1A1B7F51-5328-4395-9D9C-07D70965825E}.Debug|x64.Build.0 = Debug|x64
		{1A1B7F51-5328-4395-9D9C-07D70965825E}.Debug|x86.ActiveCfg = Debug|x86
		{1A1B7F51-5328-4395-9D9C-07D70965825E}.Debug|x86.Build.0 = Debug|x86
		{1A1B7F51-5328-4395-9D9C-07D70965825E}.Release|Any CPU.ActiveCfg = Release|Any CPU
		{1A1B7F51-5328-4395-9D9C-07D70965825E}.Release|Any CPU.Build.0 = Release|Any CPU
		{1A1B7F51-5328-4395-9D9C-07D70965825E}.Release|ARM.ActiveCfg = Release|Any CPU
		{1A1B7F51-5328-4395-9D9C-07D70965825E}.Release|ARM.Build.0 = Release|Any CPU
		{1A1B7F51-5328-4395-9D9C-07D70965825E}.Release|x64.ActiveCfg = Release|x64
		{1A1B7F51-5328-4395-9D9C-07D70965825E}.Release|x64.Build.0 = Release|x64
		{1A1B7F51-5328-4395-9D9C-07D70965825E}.Release|x86.ActiveCfg = Release|x86
		{1A1B7F51-5328-4395-9D9C-07D70965825E}.Release|x86.Build.0 = Release|x86
	EndGlobalSection
	GlobalSection(SolutionProperties) = preSolution
		HideSolutionNode = FALSE
	EndGlobalSection
	GlobalSection(NestedProjects) = preSolution
		{7B19B139-2E9D-4F1D-88B4-6180B4CF872A} = {9248C2E1-B9D6-40BF-81EC-86004D7765B4}
		{A7FF0C91-25DE-4BA6-B39E-F54E8DADF1CC} = {9248C2E1-B9D6-40BF-81EC-86004D7765B4}
		{A480EF90-0EAA-4D9A-B271-47A9C47F6F7D} = {32A630A7-2598-41D7-B625-204CD906F5FB}
		{BD60C727-D8E8-40C3-B8E3-C95A864AE611} = {32A630A7-2598-41D7-B625-204CD906F5FB}
		{6F8C0C0C-59EC-4921-9267-370AE113C34F} = {9248C2E1-B9D6-40BF-81EC-86004D7765B4}
		{1A1B7F51-5328-4395-9D9C-07D70965825E} = {32A630A7-2598-41D7-B625-204CD906F5FB}
	EndGlobalSection
EndGlobal
